// !$*UTF8*$!
{
	archiveVersion = 1;
	classes = {
	};
	objectVersion = 50;
	objects = {

/* Begin PBXBuildFile section */
		385802C726F87C4E00D9E5B8 /* AppDelegate.swift in Sources */ = {isa = PBXBuildFile; fileRef = 385802C626F87C4E00D9E5B8 /* AppDelegate.swift */; };
		385802C926F87C4E00D9E5B8 /* SceneDelegate.swift in Sources */ = {isa = PBXBuildFile; fileRef = 385802C826F87C4E00D9E5B8 /* SceneDelegate.swift */; };
		385802CB26F87C4E00D9E5B8 /* ViewController.swift in Sources */ = {isa = PBXBuildFile; fileRef = 385802CA26F87C4E00D9E5B8 /* ViewController.swift */; };
		385802CE26F87C4E00D9E5B8 /* Main.storyboard in Resources */ = {isa = PBXBuildFile; fileRef = 385802CC26F87C4E00D9E5B8 /* Main.storyboard */; };
		385802D126F87C4E00D9E5B8 /* MotilalOswalDemo.xcdatamodeld in Sources */ = {isa = PBXBuildFile; fileRef = 385802CF26F87C4E00D9E5B8 /* MotilalOswalDemo.xcdatamodeld */; };
		385802D326F87C5100D9E5B8 /* Assets.xcassets in Resources */ = {isa = PBXBuildFile; fileRef = 385802D226F87C5100D9E5B8 /* Assets.xcassets */; };
		385802D626F87C5100D9E5B8 /* LaunchScreen.storyboard in Resources */ = {isa = PBXBuildFile; fileRef = 385802D426F87C5100D9E5B8 /* LaunchScreen.storyboard */; };
/* End PBXBuildFile section */

/* Begin PBXFileReference section */
		385802C326F87C4E00D9E5B8 /* MotilalOswalDemo.app */ = {isa = PBXFileReference; explicitFileType = wrapper.application; includeInIndex = 0; path = MotilalOswalDemo.app; sourceTree = BUILT_PRODUCTS_DIR; };
		385802C626F87C4E00D9E5B8 /* AppDelegate.swift */ = {isa = PBXFileReference; lastKnownFileType = sourcecode.swift; path = AppDelegate.swift; sourceTree = "<group>"; };
		385802C826F87C4E00D9E5B8 /* SceneDelegate.swift */ = {isa = PBXFileReference; lastKnownFileType = sourcecode.swift; path = SceneDelegate.swift; sourceTree = "<group>"; };
		385802CA26F87C4E00D9E5B8 /* ViewController.swift */ = {isa = PBXFileReference; lastKnownFileType = sourcecode.swift; path = ViewController.swift; sourceTree = "<group>"; };
		385802CD26F87C4E00D9E5B8 /* Base */ = {isa = PBXFileReference; lastKnownFileType = file.storyboard; name = Base; path = Base.lproj/Main.storyboard; sourceTree = "<group>"; };
		385802D026F87C4E00D9E5B8 /* MotilalOswalDemo.xcdatamodel */ = {isa = PBXFileReference; lastKnownFileType = wrapper.xcdatamodel; path = MotilalOswalDemo.xcdatamodel; sourceTree = "<group>"; };
		385802D226F87C5100D9E5B8 /* Assets.xcassets */ = {isa = PBXFileReference; lastKnownFileType = folder.assetcatalog; path = Assets.xcassets; sourceTree = "<group>"; };
		385802D526F87C5100D9E5B8 /* Base */ = {isa = PBXFileReference; lastKnownFileType = file.storyboard; name = Base; path = Base.lproj/LaunchScreen.storyboard; sourceTree = "<group>"; };
		385802D726F87C5100D9E5B8 /* Info.plist */ = {isa = PBXFileReference; lastKnownFileType = text.plist.xml; path = Info.plist; sourceTree = "<group>"; };
/* End PBXFileReference section */

/* Begin PBXFrameworksBuildPhase section */
		385802C026F87C4E00D9E5B8 /* Frameworks */ = {
			isa = PBXFrameworksBuildPhase;
			buildActionMask = 2147483647;
			files = (
			);
			runOnlyForDeploymentPostprocessing = 0;
		};
/* End PBXFrameworksBuildPhase section */

/* Begin PBXGroup section */
		385802BA26F87C4E00D9E5B8 = {
			isa = PBXGroup;
			children = (
				385802C526F87C4E00D9E5B8 /* MotilalOswalDemo */,
				385802C426F87C4E00D9E5B8 /* Products */,
			);
			sourceTree = "<group>";
		};
		385802C426F87C4E00D9E5B8 /* Products */ = {
			isa = PBXGroup;
			children = (
				385802C326F87C4E00D9E5B8 /* MotilalOswalDemo.app */,
			);
			name = Products;
			sourceTree = "<group>";
		};
		385802C526F87C4E00D9E5B8 /* MotilalOswalDemo */ = {
			isa = PBXGroup;
			children = (
				385802C626F87C4E00D9E5B8 /* AppDelegate.swift */,
				385802C826F87C4E00D9E5B8 /* SceneDelegate.swift */,
				385802CA26F87C4E00D9E5B8 /* ViewController.swift */,
				385802CC26F87C4E00D9E5B8 /* Main.storyboard */,
				385802D226F87C5100D9E5B8 /* Assets.xcassets */,
				385802D426F87C5100D9E5B8 /* LaunchScreen.storyboard */,
				385802D726F87C5100D9E5B8 /* Info.plist */,
				385802CF26F87C4E00D9E5B8 /* MotilalOswalDemo.xcdatamodeld */,
			);
			path = MotilalOswalDemo;
			sourceTree = "<group>";
		};
/* End PBXGroup section */

/* Begin PBXNativeTarget section */
		385802C226F87C4E00D9E5B8 /* MotilalOswalDemo */ = {
			isa = PBXNativeTarget;
			buildConfigurationList = 385802DA26F87C5100D9E5B8 /* Build configuration list for PBXNativeTarget "MotilalOswalDemo" */;
			buildPhases = (
				385802BF26F87C4E00D9E5B8 /* Sources */,
				385802C026F87C4E00D9E5B8 /* Frameworks */,
				385802C126F87C4E00D9E5B8 /* Resources */,
			);
			buildRules = (
			);
			dependencies = (
			);
			name = MotilalOswalDemo;
			productName = MotilalOswalDemo;
			productReference = 385802C326F87C4E00D9E5B8 /* MotilalOswalDemo.app */;
			productType = "com.apple.product-type.application";
		};
/* End PBXNativeTarget section */

/* Begin PBXProject section */
		385802BB26F87C4E00D9E5B8 /* Project object */ = {
			isa = PBXProject;
			attributes = {
				LastSwiftUpdateCheck = 1200;
				LastUpgradeCheck = 1200;
				TargetAttributes = {
					385802C226F87C4E00D9E5B8 = {
						CreatedOnToolsVersion = 12.0.1;
					};
				};
			};
			buildConfigurationList = 385802BE26F87C4E00D9E5B8 /* Build configuration list for PBXProject "MotilalOswalDemo" */;
			compatibilityVersion = "Xcode 9.3";
			developmentRegion = en;
			hasScannedForEncodings = 0;
			knownRegions = (
				en,
				Base,
			);
			mainGroup = 385802BA26F87C4E00D9E5B8;
			productRefGroup = 385802C426F87C4E00D9E5B8 /* Products */;
			projectDirPath = "";
			projectRoot = "";
			targets = (
				385802C226F87C4E00D9E5B8 /* MotilalOswalDemo */,
			);
		};
/* End PBXProject section */

/* Begin PBXResourcesBuildPhase section */
		385802C126F87C4E00D9E5B8 /* Resources */ = {
			isa = PBXResourcesBuildPhase;
			buildActionMask = 2147483647;
			files = (
				385802D626F87C5100D9E5B8 /* LaunchScreen.storyboard in Resources */,
				385802D326F87C5100D9E5B8 /* Assets.xcassets in Resources */,
				385802CE26F87C4E00D9E5B8 /* Main.storyboard in Resources */,
			);
			runOnlyForDeploymentPostprocessing = 0;
		};
/* End PBXResourcesBuildPhase section */

/* Begin PBXSourcesBuildPhase section */
		385802BF26F87C4E00D9E5B8 /* Sources */ = {
			isa = PBXSourcesBuildPhase;
			buildActionMask = 2147483647;
			files = (
				385802CB26F87C4E00D9E5B8 /* ViewController.swift in Sources */,
				385802C726F87C4E00D9E5B8 /* AppDelegate.swift in Sources */,
				385802D126F87C4E00D9E5B8 /* MotilalOswalDemo.xcdatamodeld in Sources */,
				385802C926F87C4E00D9E5B8 /* SceneDelegate.swift in Sources */,
			);
			runOnlyForDeploymentPostprocessing = 0;
		};
/* End PBXSourcesBuildPhase section */

/* Begin PBXVariantGroup section */
		385802CC26F87C4E00D9E5B8 /* Main.storyboard */ = {
			isa = PBXVariantGroup;
			children = (
				385802CD26F87C4E00D9E5B8 /* Base */,
			);
			name = Main.storyboard;
			sourceTree = "<group>";
		};
		385802D426F87C5100D9E5B8 /* LaunchScreen.storyboard */ = {
			isa = PBXVariantGroup;
			children = (
				385802D526F87C5100D9E5B8 /* Base */,
			);
			name = LaunchScreen.storyboard;
			sourceTree = "<group>";
		};
/* End PBXVariantGroup section */

/* Begin XCBuildConfiguration section */
		385802D826F87C5100D9E5B8 /* Debug */ = {
			isa = XCBuildConfiguration;
			buildSettings = {
				ALWAYS_SEARCH_USER_PATHS = NO;
				CLANG_ANALYZER_NONNULL = YES;
				CLANG_ANALYZER_NUMBER_OBJECT_CONVERSION = YES_AGGRESSIVE;
				CLANG_CXX_LANGUAGE_STANDARD = "gnu++14";
				CLANG_CXX_LIBRARY = "libc++";
				CLANG_ENABLE_MODULES = YES;
				CLANG_ENABLE_OBJC_ARC = YES;
				CLANG_ENABLE_OBJC_WEAK = YES;
				CLANG_WARN_BLOCK_CAPTURE_AUTORELEASING = YES;
				CLANG_WARN_BOOL_CONVERSION = YES;
				CLANG_WARN_COMMA = YES;
				CLANG_WARN_CONSTANT_CONVERSION = YES;
				CLANG_WARN_DEPRECATED_OBJC_IMPLEMENTATIONS = YES;
				CLANG_WARN_DIRECT_OBJC_ISA_USAGE = YES_ERROR;
				CLANG_WARN_DOCUMENTATION_COMMENTS = YES;
				CLANG_WARN_EMPTY_BODY = YES;
				CLANG_WARN_ENUM_CONVERSION = YES;
				CLANG_WARN_INFINITE_RECURSION = YES;
				CLANG_WARN_INT_CONVERSION = YES;
				CLANG_WARN_NON_LITERAL_NULL_CONVERSION = YES;
				CLANG_WARN_OBJC_IMPLICIT_RETAIN_SELF = YES;
				CLANG_WARN_OBJC_LITERAL_CONVERSION = YES;
				CLANG_WARN_OBJC_ROOT_CLASS = YES_ERROR;
				CLANG_WARN_QUOTED_INCLUDE_IN_FRAMEWORK_HEADER = YES;
				CLANG_WARN_RANGE_LOOP_ANALYSIS = YES;
				CLANG_WARN_STRICT_PROTOTYPES = YES;
				CLANG_WARN_SUSPICIOUS_MOVE = YES;
				CLANG_WARN_UNGUARDED_AVAILABILITY = YES_AGGRESSIVE;
				CLANG_WARN_UNREACHABLE_CODE = YES;
				CLANG_WARN__DUPLICATE_METHOD_MATCH = YES;
				COPY_PHASE_STRIP = NO;
				DEBUG_INFORMATION_FORMAT = dwarf;
				ENABLE_STRICT_OBJC_MSGSEND = YES;
				ENABLE_TESTABILITY = YES;
				GCC_C_LANGUAGE_STANDARD = gnu11;
				GCC_DYNAMIC_NO_PIC = NO;
				GCC_NO_COMMON_BLOCKS = YES;
				GCC_OPTIMIZATION_LEVEL = 0;
				GCC_PREPROCESSOR_DEFINITIONS = (
					"DEBUG=1",
					"$(inherited)",
				);
				GCC_WARN_64_TO_32_BIT_CONVERSION = YES;
				GCC_WARN_ABOUT_RETURN_TYPE = YES_ERROR;
				GCC_WARN_UNDECLARED_SELECTOR = YES;
				GCC_WARN_UNINITIALIZED_AUTOS = YES_AGGRESSIVE;
				GCC_WARN_UNUSED_FUNCTION = YES;
				GCC_WARN_UNUSED_VARIABLE = YES;
				IPHONEOS_DEPLOYMENT_TARGET = 14.0;
				MTL_ENABLE_DEBUG_INFO = INCLUDE_SOURCE;
				MTL_FAST_MATH = YES;
				ONLY_ACTIVE_ARCH = YES;
				SDKROOT = iphoneos;
				SWIFT_ACTIVE_COMPILATION_CONDITIONS = DEBUG;
				SWIFT_OPTIMIZATION_LEVEL = "-Onone";
			};
			name = Debug;
		};
		385802D926F87C5100D9E5B8 /* Release */ = {
			isa = XCBuildConfiguration;
			buildSettings = {
				ALWAYS_SEARCH_USER_PATHS = NO;
				CLANG_ANALYZER_NONNULL = YES;
				CLANG_ANALYZER_NUMBER_OBJECT_CONVERSION = YES_AGGRESSIVE;
				CLANG_CXX_LANGUAGE_STANDARD = "gnu++14";
				CLANG_CXX_LIBRARY = "libc++";
				CLANG_ENABLE_MODULES = YES;
				CLANG_ENABLE_OBJC_ARC = YES;
				CLANG_ENABLE_OBJC_WEAK = YES;
				CLANG_WARN_BLOCK_CAPTURE_AUTORELEASING = YES;
				CLANG_WARN_BOOL_CONVERSION = YES;
				CLANG_WARN_COMMA = YES;
				CLANG_WARN_CONSTANT_CONVERSION = YES;
				CLANG_WARN_DEPRECATED_OBJC_IMPLEMENTATIONS = YES;
				CLANG_WARN_DIRECT_OBJC_ISA_USAGE = YES_ERROR;
				CLANG_WARN_DOCUMENTATION_COMMENTS = YES;
				CLANG_WARN_EMPTY_BODY = YES;
				CLANG_WARN_ENUM_CONVERSION = YES;
				CLANG_WARN_INFINITE_RECURSION = YES;
				CLANG_WARN_INT_CONVERSION = YES;
				CLANG_WARN_NON_LITERAL_NULL_CONVERSION = YES;
				CLANG_WARN_OBJC_IMPLICIT_RETAIN_SELF = YES;
				CLANG_WARN_OBJC_LITERAL_CONVERSION = YES;
				CLANG_WARN_OBJC_ROOT_CLASS = YES_ERROR;
				CLANG_WARN_QUOTED_INCLUDE_IN_FRAMEWORK_HEADER = YES;
				CLANG_WARN_RANGE_LOOP_ANALYSIS = YES;
				CLANG_WARN_STRICT_PROTOTYPES = YES;
				CLANG_WARN_SUSPICIOUS_MOVE = YES;
				CLANG_WARN_UNGUARDED_AVAILABILITY = YES_AGGRESSIVE;
				CLANG_WARN_UNREACHABLE_CODE = YES;
				CLANG_WARN__DUPLICATE_METHOD_MATCH = YES;
				COPY_PHASE_STRIP = NO;
				DEBUG_INFORMATION_FORMAT = "dwarf-with-dsym";
				ENABLE_NS_ASSERTIONS = NO;
				ENABLE_STRICT_OBJC_MSGSEND = YES;
				GCC_C_LANGUAGE_STANDARD = gnu11;
				GCC_NO_COMMON_BLOCKS = YES;
				GCC_WARN_64_TO_32_BIT_CONVERSION = YES;
				GCC_WARN_ABOUT_RETURN_TYPE = YES_ERROR;
				GCC_WARN_UNDECLARED_SELECTOR = YES;
				GCC_WARN_UNINITIALIZED_AUTOS = YES_AGGRESSIVE;
				GCC_WARN_UNUSED_FUNCTION = YES;
				GCC_WARN_UNUSED_VARIABLE = YES;
				IPHONEOS_DEPLOYMENT_TARGET = 14.0;
				MTL_ENABLE_DEBUG_INFO = NO;
				MTL_FAST_MATH = YES;
				SDKROOT = iphoneos;
				SWIFT_COMPILATION_MODE = wholemodule;
				SWIFT_OPTIMIZATION_LEVEL = "-O";
				VALIDATE_PRODUCT = YES;
			};
			name = Release;
		};
		385802DB26F87C5100D9E5B8 /* Debug */ = {
			isa = XCBuildConfiguration;
			buildSettings = {
				ASSETCATALOG_COMPILER_APPICON_NAME = AppIcon;
				ASSETCATALOG_COMPILER_GLOBAL_ACCENT_COLOR_NAME = AccentColor;
				CODE_SIGN_STYLE = Automatic;
				INFOPLIST_FILE = MotilalOswalDemo/Info.plist;
				LD_RUNPATH_SEARCH_PATHS = (
					"$(inherited)",
					"@executable_path/Frameworks",
				);
				PRODUCT_BUNDLE_IDENTIFIER = com.jio.media.jioondemand.MotilalOswalDemo;
				PRODUCT_NAME = "$(TARGET_NAME)";
				SWIFT_VERSION = 5.0;
				TARGETED_DEVICE_FAMILY = "1,2";
			};
			name = Debug;
		};
		385802DC26F87C5100D9E5B8 /* Release */ = {
			isa = XCBuildConfiguration;
			buildSettings = {
				ASSETCATALOG_COMPILER_APPICON_NAME = AppIcon;
				ASSETCATALOG_COMPILER_GLOBAL_ACCENT_COLOR_NAME = AccentColor;
				CODE_SIGN_STYLE = Automatic;
				INFOPLIST_FILE = MotilalOswalDemo/Info.plist;
				LD_RUNPATH_SEARCH_PATHS = (
					"$(inherited)",
					"@executable_path/Frameworks",
				);
				PRODUCT_BUNDLE_IDENTIFIER = com.jio.media.jioondemand.MotilalOswalDemo;
				PRODUCT_NAME = "$(TARGET_NAME)";
				SWIFT_VERSION = 5.0;
				TARGETED_DEVICE_FAMILY = "1,2";
			};
			name = Release;
		};
/* End XCBuildConfiguration section */

/* Begin XCConfigurationList section */
		385802BE26F87C4E00D9E5B8 /* Build configuration list for PBXProject "MotilalOswalDemo" */ = {
			isa = XCConfigurationList;
			buildConfigurations = (
				385802D826F87C5100D9E5B8 /* Debug */,
				385802D926F87C5100D9E5B8 /* Release */,
			);
			defaultConfigurationIsVisible = 0;
			defaultConfigurationName = Release;
		};
		385802DA26F87C5100D9E5B8 /* Build configuration list for PBXNativeTarget "MotilalOswalDemo" */ = {
			isa = XCConfigurationList;
			buildConfigurations = (
				385802DB26F87C5100D9E5B8 /* Debug */,
				385802DC26F87C5100D9E5B8 /* Release */,
			);
			defaultConfigurationIsVisible = 0;
			defaultConfigurationName = Release;
		};
/* End XCConfigurationList section */

/* Begin XCVersionGroup section */
		385802CF26F87C4E00D9E5B8 /* MotilalOswalDemo.xcdatamodeld */ = {
			isa = XCVersionGroup;
			children = (
				385802D026F87C4E00D9E5B8 /* MotilalOswalDemo.xcdatamodel */,
			);
			currentVersion = 385802D026F87C4E00D9E5B8 /* MotilalOswalDemo.xcdatamodel */;
			path = MotilalOswalDemo.xcdatamodeld;
			sourceTree = "<group>";
			versionGroupType = wrapper.xcdatamodel;
		};
/* End XCVersionGroup section */
	};
	rootObject = 385802BB26F87C4E00D9E5B8 /* Project object */;
}
